lockfileVersion: '6.0'

settings:
  autoInstallPeers: true
  excludeLinksFromLockfile: false

dependencies:
  purs-tidy:
    specifier: ^0.11.0
    version: 0.11.0

packages:

  /purs-tidy@0.11.0:
    resolution: {integrity: sha512-HZ8AS6J7Ka2YVl6Gr/H5NV17TU10yGYUTxVwRd5tKuwsVdFZewXSzZ/HTpWrkhdR2gxSVk0BdnpJhyu//oRc+w==}
    hasBin: true
    dev: false
